
Microsoft Visual Studio Solution File, Format Version 12.00
# Visual Studio Version 16
VisualStudioVersion = 16.0.31019.35
MinimumVisualStudioVersion = 10.0.40219.1
Project("{9A19103F-16F7-4668-BE54-9A1E7A4F7556}") = "App", "App\App\App.csproj", "{559F90E2-B2AB-49F8-A427-EDACC337B0A6}"
EndProject
Project("{FAE04EC0-301F-11D3-BF4B-00C04F79EFBC}") = "App.Android", "App\App.Android\App.Android.csproj", "{26E19D3E-F5F3-4C36-92B5-43C08ABA7B76}"
EndProject
Project("{FAE04EC0-301F-11D3-BF4B-00C04F79EFBC}") = "App.iOS", "App\App.iOS\App.iOS.csproj", "{7BCE2ABD-F58B-42C5-82DB-6CA943EB2F47}"
EndProject
Project("{888888A0-9F3D-457C-B088-3A5042F75D52}") = "Logger", "Logger\Logger.pyproj", "{0BA7759A-3605-4E05-90B8-1A9C2F166DB9}"
EndProject
Project("{9092AA53-FB77-4645-B42D-1CCCA6BD08BD}") = "Server", "Server\Server.njsproj", "{9C1A304E-BBAC-4C82-A604-26863D4F8F57}"
EndProject
Global
	GlobalSection(SolutionConfigurationPlatforms) = preSolution
		Debug|Any CPU = Debug|Any CPU
		Debug|iPhone = Debug|iPhone
		Debug|iPhoneSimulator = Debug|iPhoneSimulator
		Release|Any CPU = Release|Any CPU
		Release|iPhone = Release|iPhone
		Release|iPhoneSimulator = Release|iPhoneSimulator
	EndGlobalSection
	GlobalSection(ProjectConfigurationPlatforms) = postSolution
		{559F90E2-B2AB-49F8-A427-EDACC337B0A6}.Debug|Any CPU.ActiveCfg = Debug|Any CPU
		{559F90E2-B2AB-49F8-A427-EDACC337B0A6}.Debug|Any CPU.Build.0 = Debug|Any CPU
		{559F90E2-B2AB-49F8-A427-EDACC337B0A6}.Debug|iPhone.ActiveCfg = Debug|Any CPU
		{559F90E2-B2AB-49F8-A427-EDACC337B0A6}.Debug|iPhone.Build.0 = Debug|Any CPU
		{559F90E2-B2AB-49F8-A427-EDACC337B0A6}.Debug|iPhoneSimulator.ActiveCfg = Debug|Any CPU
		{559F90E2-B2AB-49F8-A427-EDACC337B0A6}.Debug|iPhoneSimulator.Build.0 = Debug|Any CPU
		{559F90E2-B2AB-49F8-A427-EDACC337B0A6}.Release|Any CPU.ActiveCfg = Release|Any CPU
		{559F90E2-B2AB-49F8-A427-EDACC337B0A6}.Release|Any CPU.Build.0 = Release|Any CPU
		{559F90E2-B2AB-49F8-A427-EDACC337B0A6}.Release|iPhone.ActiveCfg = Release|Any CPU
		{559F90E2-B2AB-49F8-A427-EDACC337B0A6}.Release|iPhone.Build.0 = Release|Any CPU
		{559F90E2-B2AB-49F8-A427-EDACC337B0A6}.Release|iPhoneSimulator.ActiveCfg = Release|Any CPU
		{559F90E2-B2AB-49F8-A427-EDACC337B0A6}.Release|iPhoneSimulator.Build.0 = Release|Any CPU
		{26E19D3E-F5F3-4C36-92B5-43C08ABA7B76}.Debug|Any CPU.ActiveCfg = Debug|Any CPU
		{26E19D3E-F5F3-4C36-92B5-43C08ABA7B76}.Debug|Any CPU.Build.0 = Debug|Any CPU
		{26E19D3E-F5F3-4C36-92B5-43C08ABA7B76}.Debug|Any CPU.Deploy.0 = Debug|Any CPU
		{26E19D3E-F5F3-4C36-92B5-43C08ABA7B76}.Debug|iPhone.ActiveCfg = Debug|Any CPU
		{26E19D3E-F5F3-4C36-92B5-43C08ABA7B76}.Debug|iPhone.Build.0 = Debug|Any CPU
		{26E19D3E-F5F3-4C36-92B5-43C08ABA7B76}.Debug|iPhone.Deploy.0 = Debug|Any CPU
		{26E19D3E-F5F3-4C36-92B5-43C08ABA7B76}.Debug|iPhoneSimulator.ActiveCfg = Debug|Any CPU
		{26E19D3E-F5F3-4C36-92B5-43C08ABA7B76}.Debug|iPhoneSimulator.Build.0 = Debug|Any CPU
		{26E19D3E-F5F3-4C36-92B5-43C08ABA7B76}.Debug|iPhoneSimulator.Deploy.0 = Debug|Any CPU
		{26E19D3E-F5F3-4C36-92B5-43C08ABA7B76}.Release|Any CPU.ActiveCfg = Release|Any CPU
		{26E19D3E-F5F3-4C36-92B5-43C08ABA7B76}.Release|Any CPU.Build.0 = Release|Any CPU
		{26E19D3E-F5F3-4C36-92B5-43C08ABA7B76}.Release|Any CPU.Deploy.0 = Release|Any CPU
		{26E19D3E-F5F3-4C36-92B5-43C08ABA7B76}.Release|iPhone.ActiveCfg = Release|Any CPU
		{26E19D3E-F5F3-4C36-92B5-43C08ABA7B76}.Release|iPhone.Build.0 = Release|Any CPU
		{26E19D3E-F5F3-4C36-92B5-43C08ABA7B76}.Release|iPhone.Deploy.0 = Release|Any CPU
		{26E19D3E-F5F3-4C36-92B5-43C08ABA7B76}.Release|iPhoneSimulator.ActiveCfg = Release|Any CPU
		{26E19D3E-F5F3-4C36-92B5-43C08ABA7B76}.Release|iPhoneSimulator.Build.0 = Release|Any CPU
		{26E19D3E-F5F3-4C36-92B5-43C08ABA7B76}.Release|iPhoneSimulator.Deploy.0 = Release|Any CPU
		{7BCE2ABD-F58B-42C5-82DB-6CA943EB2F47}.Debug|Any CPU.ActiveCfg = Debug|iPhoneSimulator
		{7BCE2ABD-F58B-42C5-82DB-6CA943EB2F47}.Debug|iPhone.ActiveCfg = Debug|iPhone
		{7BCE2ABD-F58B-42C5-82DB-6CA943EB2F47}.Debug|iPhone.Build.0 = Debug|iPhone
		{7BCE2ABD-F58B-42C5-82DB-6CA943EB2F47}.Debug|iPhoneSimulator.ActiveCfg = Debug|iPhoneSimulator
		{7BCE2ABD-F58B-42C5-82DB-6CA943EB2F47}.Debug|iPhoneSimulator.Build.0 = Debug|iPhoneSimulator
		{7BCE2ABD-F58B-42C5-82DB-6CA943EB2F47}.Release|Any CPU.ActiveCfg = Release|iPhoneSimulator
		{7BCE2ABD-F58B-42C5-82DB-6CA943EB2F47}.Release|iPhone.ActiveCfg = Release|iPhone
		{7BCE2ABD-F58B-42C5-82DB-6CA943EB2F47}.Release|iPhone.Build.0 = Release|iPhone
		{7BCE2ABD-F58B-42C5-82DB-6CA943EB2F47}.Release|iPhoneSimulator.ActiveCfg = Release|iPhoneSimulator
		{7BCE2ABD-F58B-42C5-82DB-6CA943EB2F47}.Release|iPhoneSimulator.Build.0 = Release|iPhoneSimulator
		{0BA7759A-3605-4E05-90B8-1A9C2F166DB9}.Debug|Any CPU.ActiveCfg = Debug|Any CPU
		{0BA7759A-3605-4E05-90B8-1A9C2F166DB9}.Debug|iPhone.ActiveCfg = Debug|Any CPU
		{0BA7759A-3605-4E05-90B8-1A9C2F166DB9}.Debug|iPhoneSimulator.ActiveCfg = Debug|Any CPU
		{0BA7759A-3605-4E05-90B8-1A9C2F166DB9}.Release|Any CPU.ActiveCfg = Release|Any CPU
		{0BA7759A-3605-4E05-90B8-1A9C2F166DB9}.Release|iPhone.ActiveCfg = Release|Any CPU
		{0BA7759A-3605-4E05-90B8-1A9C2F166DB9}.Release|iPhoneSimulator.ActiveCfg = Release|Any CPU
		{9C1A304E-BBAC-4C82-A604-26863D4F8F57}.Debug|Any CPU.ActiveCfg = Debug|Any CPU
		{9C1A304E-BBAC-4C82-A604-26863D4F8F57}.Debug|Any CPU.Build.0 = Debug|Any CPU
		{9C1A304E-BBAC-4C82-A604-26863D4F8F57}.Debug|iPhone.ActiveCfg = Debug|Any CPU
		{9C1A304E-BBAC-4C82-A604-26863D4F8F57}.Debug|iPhone.Build.0 = Debug|Any CPU
		{9C1A304E-BBAC-4C82-A604-26863D4F8F57}.Debug|iPhoneSimulator.ActiveCfg = Debug|Any CPU
		{9C1A304E-BBAC-4C82-A604-26863D4F8F57}.Debug|iPhoneSimulator.Build.0 = Debug|Any CPU
		{9C1A304E-BBAC-4C82-A604-26863D4F8F57}.Release|Any CPU.ActiveCfg = Release|Any CPU
		{9C1A304E-BBAC-4C82-A604-26863D4F8F57}.Release|Any CPU.Build.0 = Release|Any CPU
		{9C1A304E-BBAC-4C82-A604-26863D4F8F57}.Release|iPhone.ActiveCfg = Release|Any CPU
		{9C1A304E-BBAC-4C82-A604-26863D4F8F57}.Release|iPhone.Build.0 = Release|Any CPU
		{9C1A304E-BBAC-4C82-A604-26863D4F8F57}.Release|iPhoneSimulator.ActiveCfg = Release|Any CPU
		{9C1A304E-BBAC-4C82-A604-26863D4F8F57}.Release|iPhoneSimulator.Build.0 = Release|Any CPU
	EndGlobalSection
	GlobalSection(SolutionProperties) = preSolution
		HideSolutionNode = FALSE
	EndGlobalSection
	GlobalSection(ExtensibilityGlobals) = postSolution
		SolutionGuid = {A9CBDDBC-B943-4D62-9B8F-8544EECD1E00}
	EndGlobalSection
EndGlobal
